Microsoft Visual Studio Solution File, Format Version 12.00
# Visual Studio Version 17
VisualStudioVersion = 17.5.2.0
MinimumVisualStudioVersion = 10.0.40219.1
Project("{FAE04EC0-301F-11D3-BF4B-00C04F79EFBC}") = "MuseuDeBugs.Api", "MuseuDeBugs.Api.csproj", "{641DF87A-C1B8-34A2-D478-AF99C767AEEC}"
EndProject
Global
	GlobalSection(SolutionConfigurationPlatforms) = preSolution
		Debug|Any CPU = Debug|Any CPU
		Release|Any CPU = Release|Any CPU
	EndGlobalSection
	GlobalSection(ProjectConfigurationPlatforms) = postSolution
		{641DF87A-C1B8-34A2-D478-AF99C767AEEC}.Debug|Any CPU.ActiveCfg = Debug|Any CPU
		{641DF87A-C1B8-34A2-D478-AF99C767AEEC}.Debug|Any CPU.Build.0 = Debug|Any CPU
		{641DF87A-C1B8-34A2-D478-AF99C767AEEC}.Release|Any CPU.ActiveCfg = Release|Any CPU
		{641DF87A-C1B8-34A2-D478-AF99C767AEEC}.Release|Any CPU.Build.0 = Release|Any CPU
	EndGlobalSection
	GlobalSection(SolutionProperties) = preSolution
		HideSolutionNode = FALSE
	EndGlobalSection
	GlobalSection(ExtensibilityGlobals) = postSolution
		SolutionGuid = {E60E0E60-2B3C-4BC1-AAC2-CA84FCDE0FEA}
	EndGlobalSection
EndGlobal
